Microsoft Visual Studio Solution File, Format Version 12.00
# Visual Studio Version 17
VisualStudioVersion = 17.5.2.0
MinimumVisualStudioVersion = 10.0.40219.1
Project("{2150E333-8FDC-42A3-9474-1A3956D46DE8}")  ", "Mis_EjerciciosCSharp", "{0E6CB894-CD2F-4368-3EEC-67566BCEF084}"
EndProject
Project("{FAE04EC0-301F-11D3-BF4B-00C04F79EFBC}") = ", "Mis_EjerciciosCSharp\MisEjercicios\MisEjercicios.csproj", "{14240163-C66F-BB4C-BD95-65471A89645B}"
EndProject
Global
	GlobalSection(SolutionConfigurationPlatforms) = preSolution
		Debug|Any CPU = Debug|Any CPU
		Release|Any CPU = Release|Any CPU
	EndGlobalSection
	GlobalSection(ProjectConfigurationPlatforms) = postSolution
		{14240163-C66F-BB4C-BD95-65471A89645B}.Debug|Any CPU.ActiveCfg = Debug|Any CPU
		{14240163-C66F-BB4C-BD95-65471A89645B}.Debug|Any CPU.Build.0 = Debug|Any CPU
		{14240163-C66F-BB4C-BD95-65471A89645B}.Release|Any CPU.ActiveCfg = Release|Any CPU
		{14240163-C66F-BB4C-BD95-65471A89645B}.Release|Any CPU.Build.0 = Release|Any CPU
	EndGlobalSection
	GlobalSection(SolutionProperties) = preSolution
		HideSolutionNode = FALSE
	EndGlobalSection
	GlobalSection(NestedProjects) = preSolution
		{14240163-C66F-BB4C-BD95-65471A89645B} = {0E6CB894-CD2F-4368-3EEC-67566BCEF084}
	EndGlobalSection
	GlobalSection(ExtensibilityGlobals) = postSolution
		SolutionGuid = {F8505FD3-3109-4085-8049-1E8569F06453}
	EndGlobalSection
EndGlobal
