Project("{FAE04EC0-301F-11D3-BF4B-00C04F79EFBC}") = "--Registroestudiantes", "--Registroestudiantes\--Registroestudiantes.csproj", "{4DAC9339-CA8D-7612-6471-AD0A64D61ACE}"
EndProject
Global
	GlobalSection(SolutionConfigurationPlatforms) = preSolution
		Debug|Any CPU = Debug|Any CPU
		Release|Any CPU = Release|Any CPU
	EndGlobalSection
	GlobalSection(ProjectConfigurationPlatforms) = postSolution
		{4DAC9339-CA8D-7612-6471-AD0A64D61ACE}.Debug|Any CPU.ActiveCfg = Debug|Any CPU
		{4DAC9339-CA8D-7612-6471-AD0A64D61ACE}.Debug|Any CPU.Build.0 = Debug|Any CPU
		{4DAC9339-CA8D-7612-6471-AD0A64D61ACE}.Release|Any CPU.ActiveCfg = Release|Any CPU
		{4DAC9339-CA8D-7612-6471-AD0A64D61ACE}.Release|Any CPU.Build.0 = Release|Any CPU
	EndGlobalSection
	GlobalSection(SolutionProperties) = preSolution
		HideSolutionNode = FALSE
	EndGlobalSection
	GlobalSection(ExtensibilityGlobals) = postSolution
		SolutionGuid = {66E3F66A-6CED-41B1-A35A-4569D699667C}
	EndGlobalSection
EndGlobal
